
Microsoft Visual Studio Solution File, Format Version 12.00
# Visual Studio 15
VisualStudioVersion = 15.0.28307.102
MinimumVisualStudioVersion = 10.0.40219.1
Project("{FAE04EC0-301F-11D3-BF4B-00C04F79EFBC}") = "Hackyeah", "Hackyeah\Hackyeah.csproj", "{8F1DE94D-79BC-428B-A3A9-7C44B4C24845}"
EndProject
Global
	GlobalSection(SolutionConfigurationPlatforms) = preSolution
		Debug|Any CPU = Debug|Any CPU
		Release|Any CPU = Release|Any CPU
	EndGlobalSection
	GlobalSection(ProjectConfigurationPlatforms) = postSolution
		{8F1DE94D-79BC-428B-A3A9-7C44B4C24845}.Debug|Any CPU.ActiveCfg = Debug|Any CPU
		{8F1DE94D-79BC-428B-A3A9-7C44B4C24845}.Debug|Any CPU.Build.0 = Debug|Any CPU
		{8F1DE94D-79BC-428B-A3A9-7C44B4C24845}.Release|Any CPU.ActiveCfg = Release|Any CPU
		{8F1DE94D-79BC-428B-A3A9-7C44B4C24845}.Release|Any CPU.Build.0 = Release|Any CPU
	EndGlobalSection
	GlobalSection(SolutionProperties) = preSolution
		HideSolutionNode = FALSE
	EndGlobalSection
	GlobalSection(ExtensibilityGlobals) = postSolution
		SolutionGuid = {BAAC38F1-5521-4583-890E-09D923466B36}
	EndGlobalSection
EndGlobal
